
Microsoft Visual Studio Solution File, Format Version 12.00
# Visual Studio Version 17
VisualStudioVersion = 17.0.31912.275
MinimumVisualStudioVersion = 10.0.40219.1
Project("{2150E333-8FDC-42A3-9474-1A3956D46DE8}") = "library", "library", "{B54839E9-32F2-436D-B239-9CB2C2BCA42D}"
	ProjectSection(SolutionItems) = preProject
		library\motor.cpp = library\motor.cpp
		library\motor.h = library\motor.h
		library\Tracking.c = library\Tracking.c
	EndProjectSection
EndProject
Project("{8BC9CEB8-8B4A-11D0-8D11-00A0C91BC942}") = "goline", "goline\goline.vcxproj", "{9C89E7E0-F099-4DFF-B495-D7142DA2A61B}"
EndProject
Global
	GlobalSection(SolutionConfigurationPlatforms) = preSolution
		Debug|ARM = Debug|ARM
		Debug|ARM64 = Debug|ARM64
		Debug|x64 = Debug|x64
		Debug|x86 = Debug|x86
		Release|ARM = Release|ARM
		Release|ARM64 = Release|ARM64
		Release|x64 = Release|x64
		Release|x86 = Release|x86
	EndGlobalSection
	GlobalSection(ProjectConfigurationPlatforms) = postSolution
		{9C89E7E0-F099-4DFF-B495-D7142DA2A61B}.Debug|ARM.ActiveCfg = Debug|ARM
		{9C89E7E0-F099-4DFF-B495-D7142DA2A61B}.Debug|ARM.Build.0 = Debug|ARM
		{9C89E7E0-F099-4DFF-B495-D7142DA2A61B}.Debug|ARM.Deploy.0 = Debug|ARM
		{9C89E7E0-F099-4DFF-B495-D7142DA2A61B}.Debug|ARM64.ActiveCfg = Debug|ARM64
		{9C89E7E0-F099-4DFF-B495-D7142DA2A61B}.Debug|ARM64.Build.0 = Debug|ARM64
		{9C89E7E0-F099-4DFF-B495-D7142DA2A61B}.Debug|ARM64.Deploy.0 = Debug|ARM64
		{9C89E7E0-F099-4DFF-B495-D7142DA2A61B}.Debug|x64.ActiveCfg = Debug|ARM
		{9C89E7E0-F099-4DFF-B495-D7142DA2A61B}.Debug|x64.Build.0 = Debug|ARM
		{9C89E7E0-F099-4DFF-B495-D7142DA2A61B}.Debug|x64.Deploy.0 = Debug|ARM
		{9C89E7E0-F099-4DFF-B495-D7142DA2A61B}.Debug|x86.ActiveCfg = Debug|ARM
		{9C89E7E0-F099-4DFF-B495-D7142DA2A61B}.Debug|x86.Build.0 = Debug|ARM
		{9C89E7E0-F099-4DFF-B495-D7142DA2A61B}.Debug|x86.Deploy.0 = Debug|ARM
		{9C89E7E0-F099-4DFF-B495-D7142DA2A61B}.Release|ARM.ActiveCfg = Release|ARM
		{9C89E7E0-F099-4DFF-B495-D7142DA2A61B}.Release|ARM.Build.0 = Release|ARM
		{9C89E7E0-F099-4DFF-B495-D7142DA2A61B}.Release|ARM.Deploy.0 = Release|ARM
		{9C89E7E0-F099-4DFF-B495-D7142DA2A61B}.Release|ARM64.ActiveCfg = Release|ARM64
		{9C89E7E0-F099-4DFF-B495-D7142DA2A61B}.Release|ARM64.Build.0 = Release|ARM64
		{9C89E7E0-F099-4DFF-B495-D7142DA2A61B}.Release|ARM64.Deploy.0 = Release|ARM64
		{9C89E7E0-F099-4DFF-B495-D7142DA2A61B}.Release|x64.ActiveCfg = Release|ARM
		{9C89E7E0-F099-4DFF-B495-D7142DA2A61B}.Release|x64.Build.0 = Release|ARM
		{9C89E7E0-F099-4DFF-B495-D7142DA2A61B}.Release|x64.Deploy.0 = Release|ARM
		{9C89E7E0-F099-4DFF-B495-D7142DA2A61B}.Release|x86.ActiveCfg = Release|ARM
		{9C89E7E0-F099-4DFF-B495-D7142DA2A61B}.Release|x86.Build.0 = Release|ARM
		{9C89E7E0-F099-4DFF-B495-D7142DA2A61B}.Release|x86.Deploy.0 = Release|ARM
	EndGlobalSection
	GlobalSection(SolutionProperties) = preSolution
		HideSolutionNode = FALSE
	EndGlobalSection
	GlobalSection(ExtensibilityGlobals) = postSolution
		SolutionGuid = {D002DD34-BE71-49BF-B5CC-900F1D9D170F}
	EndGlobalSection
EndGlobal
